{
  "requires": true,
  "lockfileVersion": 1,
  "dependencies": {
    "eslint-plugin-jquery": {
      "version": "1.3.0",
      "resolved": "https://registry.npmjs.org/eslint-plugin-jquery/-/eslint-plugin-jquery-1.3.0.tgz",
      "integrity": "sha512-YTHb9wcMpCNzu6Ig6SZV6UmHtmy20legETJH/DiANwCGtELHxi4iN8r+LC24IjrrB9LwqeSU/GhI9ojhPO5Hug==",
      "dev": true
    }
  }
}
